
Microsoft Visual Studio Solution File, Format Version 12.00
# Visual Studio Version 16
VisualStudioVersion = 16.0.31424.327
MinimumVisualStudioVersion = 10.0.40219.1
Project("{FAE04EC0-301F-11D3-BF4B-00C04F79EFBC}") = "collections_non_generic_Hashtable", "collections_non_generic_Hashtable.csproj", "{332B59BF-BB33-43FE-BD11-2C1A69AE0D85}"
EndProject
Global
	GlobalSection(SolutionConfigurationPlatforms) = preSolution
		Debug|Any CPU = Debug|Any CPU
		Release|Any CPU = Release|Any CPU
	EndGlobalSection
	GlobalSection(ProjectConfigurationPlatforms) = postSolution
		{332B59BF-BB33-43FE-BD11-2C1A69AE0D85}.Debug|Any CPU.ActiveCfg = Debug|Any CPU
		{332B59BF-BB33-43FE-BD11-2C1A69AE0D85}.Debug|Any CPU.Build.0 = Debug|Any CPU
		{332B59BF-BB33-43FE-BD11-2C1A69AE0D85}.Release|Any CPU.ActiveCfg = Release|Any CPU
		{332B59BF-BB33-43FE-BD11-2C1A69AE0D85}.Release|Any CPU.Build.0 = Release|Any CPU
	EndGlobalSection
	GlobalSection(SolutionProperties) = preSolution
		HideSolutionNode = FALSE
	EndGlobalSection
	GlobalSection(ExtensibilityGlobals) = postSolution
		SolutionGuid = {D39F1C01-2DAB-4139-9D58-93EB0E8318CA}
	EndGlobalSection
EndGlobal
