
Microsoft Visual Studio Solution File, Format Version 12.00
# Visual Studio Version 16
VisualStudioVersion = 16.0.31424.327
MinimumVisualStudioVersion = 10.0.40219.1
Project("{FAE04EC0-301F-11D3-BF4B-00C04F79EFBC}") = "properties_demo", "properties_demo.csproj", "{FE1B643A-EC62-48B8-845F-FD1C435C3155}"
EndProject
Global
	GlobalSection(SolutionConfigurationPlatforms) = preSolution
		Debug|Any CPU = Debug|Any CPU
		Release|Any CPU = Release|Any CPU
	EndGlobalSection
	GlobalSection(ProjectConfigurationPlatforms) = postSolution
		{FE1B643A-EC62-48B8-845F-FD1C435C3155}.Debug|Any CPU.ActiveCfg = Debug|Any CPU
		{FE1B643A-EC62-48B8-845F-FD1C435C3155}.Debug|Any CPU.Build.0 = Debug|Any CPU
		{FE1B643A-EC62-48B8-845F-FD1C435C3155}.Release|Any CPU.ActiveCfg = Release|Any CPU
		{FE1B643A-EC62-48B8-845F-FD1C435C3155}.Release|Any CPU.Build.0 = Release|Any CPU
	EndGlobalSection
	GlobalSection(SolutionProperties) = preSolution
		HideSolutionNode = FALSE
	EndGlobalSection
	GlobalSection(ExtensibilityGlobals) = postSolution
		SolutionGuid = {CF17A5CC-B1E8-43F8-AF3E-0DA6004CBE3C}
	EndGlobalSection
EndGlobal
