
Microsoft Visual Studio Solution File, Format Version 12.00
# Visual Studio Version 16
VisualStudioVersion = 16.0.31424.327
MinimumVisualStudioVersion = 10.0.40219.1
Project("{FAE04EC0-301F-11D3-BF4B-00C04F79EFBC}") = "inheritance_Hybrid", "inheritance_Hybrid.csproj", "{D64B97A3-9107-49C9-B1FD-7D31797DF677}"
EndProject
Global
	GlobalSection(SolutionConfigurationPlatforms) = preSolution
		Debug|Any CPU = Debug|Any CPU
		Release|Any CPU = Release|Any CPU
	EndGlobalSection
	GlobalSection(ProjectConfigurationPlatforms) = postSolution
		{D64B97A3-9107-49C9-B1FD-7D31797DF677}.Debug|Any CPU.ActiveCfg = Debug|Any CPU
		{D64B97A3-9107-49C9-B1FD-7D31797DF677}.Debug|Any CPU.Build.0 = Debug|Any CPU
		{D64B97A3-9107-49C9-B1FD-7D31797DF677}.Release|Any CPU.ActiveCfg = Release|Any CPU
		{D64B97A3-9107-49C9-B1FD-7D31797DF677}.Release|Any CPU.Build.0 = Release|Any CPU
	EndGlobalSection
	GlobalSection(SolutionProperties) = preSolution
		HideSolutionNode = FALSE
	EndGlobalSection
	GlobalSection(ExtensibilityGlobals) = postSolution
		SolutionGuid = {0D2C8A60-3716-4E13-9017-6614487FF8D1}
	EndGlobalSection
EndGlobal
