
Microsoft Visual Studio Solution File, Format Version 12.00
# Visual Studio Version 16
VisualStudioVersion = 16.0.31424.327
MinimumVisualStudioVersion = 10.0.40219.1
Project("{FAE04EC0-301F-11D3-BF4B-00C04F79EFBC}") = "collections_generic_Stack", "collections_generic_Stack.csproj", "{89A3D6A3-0AFB-40FD-91BF-F0A07479E98C}"
EndProject
Global
	GlobalSection(SolutionConfigurationPlatforms) = preSolution
		Debug|Any CPU = Debug|Any CPU
		Release|Any CPU = Release|Any CPU
	EndGlobalSection
	GlobalSection(ProjectConfigurationPlatforms) = postSolution
		{89A3D6A3-0AFB-40FD-91BF-F0A07479E98C}.Debug|Any CPU.ActiveCfg = Debug|Any CPU
		{89A3D6A3-0AFB-40FD-91BF-F0A07479E98C}.Debug|Any CPU.Build.0 = Debug|Any CPU
		{89A3D6A3-0AFB-40FD-91BF-F0A07479E98C}.Release|Any CPU.ActiveCfg = Release|Any CPU
		{89A3D6A3-0AFB-40FD-91BF-F0A07479E98C}.Release|Any CPU.Build.0 = Release|Any CPU
	EndGlobalSection
	GlobalSection(SolutionProperties) = preSolution
		HideSolutionNode = FALSE
	EndGlobalSection
	GlobalSection(ExtensibilityGlobals) = postSolution
		SolutionGuid = {A4DADDA6-C25A-46A1-9C6E-04DF64C34255}
	EndGlobalSection
EndGlobal
