
Microsoft Visual Studio Solution File, Format Version 12.00
# Visual Studio Version 16
VisualStudioVersion = 16.0.31424.327
MinimumVisualStudioVersion = 10.0.40219.1
Project("{FAE04EC0-301F-11D3-BF4B-00C04F79EFBC}") = "default_constructor", "default_constructor.csproj", "{35D7E749-2B3B-4DC8-BD55-E2B7E76AB320}"
EndProject
Global
	GlobalSection(SolutionConfigurationPlatforms) = preSolution
		Debug|Any CPU = Debug|Any CPU
		Release|Any CPU = Release|Any CPU
	EndGlobalSection
	GlobalSection(ProjectConfigurationPlatforms) = postSolution
		{35D7E749-2B3B-4DC8-BD55-E2B7E76AB320}.Debug|Any CPU.ActiveCfg = Debug|Any CPU
		{35D7E749-2B3B-4DC8-BD55-E2B7E76AB320}.Debug|Any CPU.Build.0 = Debug|Any CPU
		{35D7E749-2B3B-4DC8-BD55-E2B7E76AB320}.Release|Any CPU.ActiveCfg = Release|Any CPU
		{35D7E749-2B3B-4DC8-BD55-E2B7E76AB320}.Release|Any CPU.Build.0 = Release|Any CPU
	EndGlobalSection
	GlobalSection(SolutionProperties) = preSolution
		HideSolutionNode = FALSE
	EndGlobalSection
	GlobalSection(ExtensibilityGlobals) = postSolution
		SolutionGuid = {0F0DE41E-4700-4BB0-8B44-21B42C5C0818}
	EndGlobalSection
EndGlobal
